
Microsoft Visual Studio Solution File, Format Version 12.00
# Visual Studio Version 17
VisualStudioVersion = 17.6.33723.286
MinimumVisualStudioVersion = 10.0.40219.1
Project("{FAE04EC0-301F-11D3-BF4B-00C04F79EFBC}") = "Shooter gane", "Homework 09.06.23\Shooter gane.csproj", "{54B77010-7A9D-462A-BD28-AC84F32B082B}"
EndProject
Project("{FAE04EC0-301F-11D3-BF4B-00C04F79EFBC}") = "GeometryHelper", "GeometryHelper\GeometryHelper.csproj", "{E9C1C078-76D5-47CC-B4E9-FCC75BDBDEE3}"
EndProject
Project("{FAE04EC0-301F-11D3-BF4B-00C04F79EFBC}") = "DateTime", "DateTime\DateTime.csproj", "{8E7F406B-D782-4E43-A525-B1EE7AD67C79}"
EndProject
Global
	GlobalSection(SolutionConfigurationPlatforms) = preSolution
		Debug|Any CPU = Debug|Any CPU
		Release|Any CPU = Release|Any CPU
	EndGlobalSection
	GlobalSection(ProjectConfigurationPlatforms) = postSolution
		{54B77010-7A9D-462A-BD28-AC84F32B082B}.Debug|Any CPU.ActiveCfg = Debug|Any CPU
		{54B77010-7A9D-462A-BD28-AC84F32B082B}.Debug|Any CPU.Build.0 = Debug|Any CPU
		{54B77010-7A9D-462A-BD28-AC84F32B082B}.Release|Any CPU.ActiveCfg = Release|Any CPU
		{54B77010-7A9D-462A-BD28-AC84F32B082B}.Release|Any CPU.Build.0 = Release|Any CPU
		{E9C1C078-76D5-47CC-B4E9-FCC75BDBDEE3}.Debug|Any CPU.ActiveCfg = Debug|Any CPU
		{E9C1C078-76D5-47CC-B4E9-FCC75BDBDEE3}.Debug|Any CPU.Build.0 = Debug|Any CPU
		{E9C1C078-76D5-47CC-B4E9-FCC75BDBDEE3}.Release|Any CPU.ActiveCfg = Release|Any CPU
		{E9C1C078-76D5-47CC-B4E9-FCC75BDBDEE3}.Release|Any CPU.Build.0 = Release|Any CPU
		{8E7F406B-D782-4E43-A525-B1EE7AD67C79}.Debug|Any CPU.ActiveCfg = Debug|Any CPU
		{8E7F406B-D782-4E43-A525-B1EE7AD67C79}.Debug|Any CPU.Build.0 = Debug|Any CPU
		{8E7F406B-D782-4E43-A525-B1EE7AD67C79}.Release|Any CPU.ActiveCfg = Release|Any CPU
		{8E7F406B-D782-4E43-A525-B1EE7AD67C79}.Release|Any CPU.Build.0 = Release|Any CPU
	EndGlobalSection
	GlobalSection(SolutionProperties) = preSolution
		HideSolutionNode = FALSE
	EndGlobalSection
	GlobalSection(ExtensibilityGlobals) = postSolution
		SolutionGuid = {B7A4D1E4-579D-4102-BAE9-A034607A9CBF}
	EndGlobalSection
EndGlobal
